
Microsoft Visual Studio Solution File, Format Version 12.00
# Visual Studio 15
VisualStudioVersion = 15.0.26124.0
MinimumVisualStudioVersion = 15.0.26124.0
Project("{FAE04EC0-301F-11D3-BF4B-00C04F79EFBC}") = "gRPC_Adapter", "Adapter_gRPC\gRPC_Adapter.csproj", "{FA30B51B-0589-4F7D-AC82-645BDCA0E798}"
EndProject
Project("{FAE04EC0-301F-11D3-BF4B-00C04F79EFBC}") = "RPC_Adapter", "Adapter_RPC\RPC_Adapter.csproj", "{901F29B2-AD3A-4B28-841D-B7D27E7CB469}"
EndProject
Project("{FAE04EC0-301F-11D3-BF4B-00C04F79EFBC}") = "Fill", "Fill_RPC\Fill.csproj", "{609B28A8-CB66-4911-AD8B-788B84DD8539}"
EndProject
Project("{FAE04EC0-301F-11D3-BF4B-00C04F79EFBC}") = "Pump", "Pump_gRPC\Pump.csproj", "{E34B6E8B-3EFC-4D9C-A60E-F7B6EE3D32EA}"
EndProject
Project("{FAE04EC0-301F-11D3-BF4B-00C04F79EFBC}") = "Server", "Server_REST\Server.csproj", "{D6937717-37E1-4721-9142-D36C8EAD8BEC}"
EndProject
Project("{FAE04EC0-301F-11D3-BF4B-00C04F79EFBC}") = "ServiceContract", "Adapter_RPC_Contract\ServiceContract.csproj", "{01157EB5-264C-4D9C-9FD1-C14F7832FDD1}"
EndProject
Global
	GlobalSection(SolutionConfigurationPlatforms) = preSolution
		Debug|Any CPU = Debug|Any CPU
		Debug|x64 = Debug|x64
		Debug|x86 = Debug|x86
		Release|Any CPU = Release|Any CPU
		Release|x64 = Release|x64
		Release|x86 = Release|x86
	EndGlobalSection
	GlobalSection(SolutionProperties) = preSolution
		HideSolutionNode = FALSE
	EndGlobalSection
	GlobalSection(ProjectConfigurationPlatforms) = postSolution
		{FA30B51B-0589-4F7D-AC82-645BDCA0E798}.Debug|Any CPU.ActiveCfg = Debug|Any CPU
		{FA30B51B-0589-4F7D-AC82-645BDCA0E798}.Debug|Any CPU.Build.0 = Debug|Any CPU
		{FA30B51B-0589-4F7D-AC82-645BDCA0E798}.Debug|x64.ActiveCfg = Debug|Any CPU
		{FA30B51B-0589-4F7D-AC82-645BDCA0E798}.Debug|x64.Build.0 = Debug|Any CPU
		{FA30B51B-0589-4F7D-AC82-645BDCA0E798}.Debug|x86.ActiveCfg = Debug|Any CPU
		{FA30B51B-0589-4F7D-AC82-645BDCA0E798}.Debug|x86.Build.0 = Debug|Any CPU
		{FA30B51B-0589-4F7D-AC82-645BDCA0E798}.Release|Any CPU.ActiveCfg = Release|Any CPU
		{FA30B51B-0589-4F7D-AC82-645BDCA0E798}.Release|Any CPU.Build.0 = Release|Any CPU
		{FA30B51B-0589-4F7D-AC82-645BDCA0E798}.Release|x64.ActiveCfg = Release|Any CPU
		{FA30B51B-0589-4F7D-AC82-645BDCA0E798}.Release|x64.Build.0 = Release|Any CPU
		{FA30B51B-0589-4F7D-AC82-645BDCA0E798}.Release|x86.ActiveCfg = Release|Any CPU
		{FA30B51B-0589-4F7D-AC82-645BDCA0E798}.Release|x86.Build.0 = Release|Any CPU
		{901F29B2-AD3A-4B28-841D-B7D27E7CB469}.Debug|Any CPU.ActiveCfg = Debug|Any CPU
		{901F29B2-AD3A-4B28-841D-B7D27E7CB469}.Debug|Any CPU.Build.0 = Debug|Any CPU
		{901F29B2-AD3A-4B28-841D-B7D27E7CB469}.Debug|x64.ActiveCfg = Debug|Any CPU
		{901F29B2-AD3A-4B28-841D-B7D27E7CB469}.Debug|x64.Build.0 = Debug|Any CPU
		{901F29B2-AD3A-4B28-841D-B7D27E7CB469}.Debug|x86.ActiveCfg = Debug|Any CPU
		{901F29B2-AD3A-4B28-841D-B7D27E7CB469}.Debug|x86.Build.0 = Debug|Any CPU
		{901F29B2-AD3A-4B28-841D-B7D27E7CB469}.Release|Any CPU.ActiveCfg = Release|Any CPU
		{901F29B2-AD3A-4B28-841D-B7D27E7CB469}.Release|Any CPU.Build.0 = Release|Any CPU
		{901F29B2-AD3A-4B28-841D-B7D27E7CB469}.Release|x64.ActiveCfg = Release|Any CPU
		{901F29B2-AD3A-4B28-841D-B7D27E7CB469}.Release|x64.Build.0 = Release|Any CPU
		{901F29B2-AD3A-4B28-841D-B7D27E7CB469}.Release|x86.ActiveCfg = Release|Any CPU
		{901F29B2-AD3A-4B28-841D-B7D27E7CB469}.Release|x86.Build.0 = Release|Any CPU
		{609B28A8-CB66-4911-AD8B-788B84DD8539}.Debug|Any CPU.ActiveCfg = Debug|Any CPU
		{609B28A8-CB66-4911-AD8B-788B84DD8539}.Debug|Any CPU.Build.0 = Debug|Any CPU
		{609B28A8-CB66-4911-AD8B-788B84DD8539}.Debug|x64.ActiveCfg = Debug|Any CPU
		{609B28A8-CB66-4911-AD8B-788B84DD8539}.Debug|x64.Build.0 = Debug|Any CPU
		{609B28A8-CB66-4911-AD8B-788B84DD8539}.Debug|x86.ActiveCfg = Debug|Any CPU
		{609B28A8-CB66-4911-AD8B-788B84DD8539}.Debug|x86.Build.0 = Debug|Any CPU
		{609B28A8-CB66-4911-AD8B-788B84DD8539}.Release|Any CPU.ActiveCfg = Release|Any CPU
		{609B28A8-CB66-4911-AD8B-788B84DD8539}.Release|Any CPU.Build.0 = Release|Any CPU
		{609B28A8-CB66-4911-AD8B-788B84DD8539}.Release|x64.ActiveCfg = Release|Any CPU
		{609B28A8-CB66-4911-AD8B-788B84DD8539}.Release|x64.Build.0 = Release|Any CPU
		{609B28A8-CB66-4911-AD8B-788B84DD8539}.Release|x86.ActiveCfg = Release|Any CPU
		{609B28A8-CB66-4911-AD8B-788B84DD8539}.Release|x86.Build.0 = Release|Any CPU
		{E34B6E8B-3EFC-4D9C-A60E-F7B6EE3D32EA}.Debug|Any CPU.ActiveCfg = Debug|Any CPU
		{E34B6E8B-3EFC-4D9C-A60E-F7B6EE3D32EA}.Debug|Any CPU.Build.0 = Debug|Any CPU
		{E34B6E8B-3EFC-4D9C-A60E-F7B6EE3D32EA}.Debug|x64.ActiveCfg = Debug|Any CPU
		{E34B6E8B-3EFC-4D9C-A60E-F7B6EE3D32EA}.Debug|x64.Build.0 = Debug|Any CPU
		{E34B6E8B-3EFC-4D9C-A60E-F7B6EE3D32EA}.Debug|x86.ActiveCfg = Debug|Any CPU
		{E34B6E8B-3EFC-4D9C-A60E-F7B6EE3D32EA}.Debug|x86.Build.0 = Debug|Any CPU
		{E34B6E8B-3EFC-4D9C-A60E-F7B6EE3D32EA}.Release|Any CPU.ActiveCfg = Release|Any CPU
		{E34B6E8B-3EFC-4D9C-A60E-F7B6EE3D32EA}.Release|Any CPU.Build.0 = Release|Any CPU
		{E34B6E8B-3EFC-4D9C-A60E-F7B6EE3D32EA}.Release|x64.ActiveCfg = Release|Any CPU
		{E34B6E8B-3EFC-4D9C-A60E-F7B6EE3D32EA}.Release|x64.Build.0 = Release|Any CPU
		{E34B6E8B-3EFC-4D9C-A60E-F7B6EE3D32EA}.Release|x86.ActiveCfg = Release|Any CPU
		{E34B6E8B-3EFC-4D9C-A60E-F7B6EE3D32EA}.Release|x86.Build.0 = Release|Any CPU
		{D6937717-37E1-4721-9142-D36C8EAD8BEC}.Debug|Any CPU.ActiveCfg = Debug|Any CPU
		{D6937717-37E1-4721-9142-D36C8EAD8BEC}.Debug|Any CPU.Build.0 = Debug|Any CPU
		{D6937717-37E1-4721-9142-D36C8EAD8BEC}.Debug|x64.ActiveCfg = Debug|Any CPU
		{D6937717-37E1-4721-9142-D36C8EAD8BEC}.Debug|x64.Build.0 = Debug|Any CPU
		{D6937717-37E1-4721-9142-D36C8EAD8BEC}.Debug|x86.ActiveCfg = Debug|Any CPU
		{D6937717-37E1-4721-9142-D36C8EAD8BEC}.Debug|x86.Build.0 = Debug|Any CPU
		{D6937717-37E1-4721-9142-D36C8EAD8BEC}.Release|Any CPU.ActiveCfg = Release|Any CPU
		{D6937717-37E1-4721-9142-D36C8EAD8BEC}.Release|Any CPU.Build.0 = Release|Any CPU
		{D6937717-37E1-4721-9142-D36C8EAD8BEC}.Release|x64.ActiveCfg = Release|Any CPU
		{D6937717-37E1-4721-9142-D36C8EAD8BEC}.Release|x64.Build.0 = Release|Any CPU
		{D6937717-37E1-4721-9142-D36C8EAD8BEC}.Release|x86.ActiveCfg = Release|Any CPU
		{D6937717-37E1-4721-9142-D36C8EAD8BEC}.Release|x86.Build.0 = Release|Any CPU
		{01157EB5-264C-4D9C-9FD1-C14F7832FDD1}.Debug|Any CPU.ActiveCfg = Debug|Any CPU
		{01157EB5-264C-4D9C-9FD1-C14F7832FDD1}.Debug|Any CPU.Build.0 = Debug|Any CPU
		{01157EB5-264C-4D9C-9FD1-C14F7832FDD1}.Debug|x64.ActiveCfg = Debug|Any CPU
		{01157EB5-264C-4D9C-9FD1-C14F7832FDD1}.Debug|x64.Build.0 = Debug|Any CPU
		{01157EB5-264C-4D9C-9FD1-C14F7832FDD1}.Debug|x86.ActiveCfg = Debug|Any CPU
		{01157EB5-264C-4D9C-9FD1-C14F7832FDD1}.Debug|x86.Build.0 = Debug|Any CPU
		{01157EB5-264C-4D9C-9FD1-C14F7832FDD1}.Release|Any CPU.ActiveCfg = Release|Any CPU
		{01157EB5-264C-4D9C-9FD1-C14F7832FDD1}.Release|Any CPU.Build.0 = Release|Any CPU
		{01157EB5-264C-4D9C-9FD1-C14F7832FDD1}.Release|x64.ActiveCfg = Release|Any CPU
		{01157EB5-264C-4D9C-9FD1-C14F7832FDD1}.Release|x64.Build.0 = Release|Any CPU
		{01157EB5-264C-4D9C-9FD1-C14F7832FDD1}.Release|x86.ActiveCfg = Release|Any CPU
		{01157EB5-264C-4D9C-9FD1-C14F7832FDD1}.Release|x86.Build.0 = Release|Any CPU
	EndGlobalSection
EndGlobal
